
Microsoft Visual Studio Solution File, Format Version 12.00
# Visual Studio Version 17
VisualStudioVersion = 17.6.33829.357
MinimumVisualStudioVersion = 10.0.40219.1
Project("{FAE04EC0-301F-11D3-BF4B-00C04F79EFBC}") = "AmazonAutomation", "AmazonAutomation.csproj", "{84165350-8F0B-4573-BDAE-4C21FB9B3D5F}"
EndProject
Global
	GlobalSection(SolutionConfigurationPlatforms) = preSolution
		Debug|Any CPU = Debug|Any CPU
		Release|Any CPU = Release|Any CPU
	EndGlobalSection
	GlobalSection(ProjectConfigurationPlatforms) = postSolution
		{84165350-8F0B-4573-BDAE-4C21FB9B3D5F}.Debug|Any CPU.ActiveCfg = Debug|Any CPU
		{84165350-8F0B-4573-BDAE-4C21FB9B3D5F}.Debug|Any CPU.Build.0 = Debug|Any CPU
		{84165350-8F0B-4573-BDAE-4C21FB9B3D5F}.Release|Any CPU.ActiveCfg = Release|Any CPU
		{84165350-8F0B-4573-BDAE-4C21FB9B3D5F}.Release|Any CPU.Build.0 = Release|Any CPU
	EndGlobalSection
	GlobalSection(SolutionProperties) = preSolution
		HideSolutionNode = FALSE
	EndGlobalSection
	GlobalSection(ExtensibilityGlobals) = postSolution
		SolutionGuid = {562758F3-A07B-4AD1-8276-BC5AE0929FE3}
	EndGlobalSection
EndGlobal
